
Microsoft Visual Studio Solution File, Format Version 12.00
# Visual Studio Version 17
VisualStudioVersion = 17.4.33213.308
MinimumVisualStudioVersion = 10.0.40219.1
Project("{FAE04EC0-301F-11D3-BF4B-00C04F79EFBC}") = "AuthService.API", "AuthService.API\AuthService.API.csproj", "{F5322537-B5CB-4879-A261-3881EF9D754D}"
EndProject
Global
	GlobalSection(SolutionConfigurationPlatforms) = preSolution
		Debug|Any CPU = Debug|Any CPU
		Release|Any CPU = Release|Any CPU
	EndGlobalSection
	GlobalSection(ProjectConfigurationPlatforms) = postSolution
		{F5322537-B5CB-4879-A261-3881EF9D754D}.Debug|Any CPU.ActiveCfg = Debug|Any CPU
		{F5322537-B5CB-4879-A261-3881EF9D754D}.Debug|Any CPU.Build.0 = Debug|Any CPU
		{F5322537-B5CB-4879-A261-3881EF9D754D}.Release|Any CPU.ActiveCfg = Release|Any CPU
		{F5322537-B5CB-4879-A261-3881EF9D754D}.Release|Any CPU.Build.0 = Release|Any CPU
	EndGlobalSection
	GlobalSection(SolutionProperties) = preSolution
		HideSolutionNode = FALSE
	EndGlobalSection
	GlobalSection(ExtensibilityGlobals) = postSolution
		SolutionGuid = {AA51CC56-EF77-4C12-95F6-46F4B715AEBD}
	EndGlobalSection
EndGlobal
